
Microsoft Visual Studio Solution File, Format Version 12.00
# Visual Studio Version 16
VisualStudioVersion = 16.0.34407.143
MinimumVisualStudioVersion = 10.0.40219.1
Project("{FAE04EC0-301F-11D3-BF4B-00C04F79EFBC}") = "ConsoleApp9", "ConsoleApp9\ConsoleApp9.csproj", "{73082934-316E-4493-B351-5D6C863E0799}"
EndProject
Global
	GlobalSection(SolutionConfigurationPlatforms) = preSolution
		Debug|Any CPU = Debug|Any CPU
		Release|Any CPU = Release|Any CPU
	EndGlobalSection
	GlobalSection(ProjectConfigurationPlatforms) = postSolution
		{73082934-316E-4493-B351-5D6C863E0799}.Debug|Any CPU.ActiveCfg = Debug|Any CPU
		{73082934-316E-4493-B351-5D6C863E0799}.Debug|Any CPU.Build.0 = Debug|Any CPU
		{73082934-316E-4493-B351-5D6C863E0799}.Release|Any CPU.ActiveCfg = Release|Any CPU
		{73082934-316E-4493-B351-5D6C863E0799}.Release|Any CPU.Build.0 = Release|Any CPU
	EndGlobalSection
	GlobalSection(SolutionProperties) = preSolution
		HideSolutionNode = FALSE
	EndGlobalSection
	GlobalSection(ExtensibilityGlobals) = postSolution
		SolutionGuid = {794329EE-A157-4476-953D-50B1148CF526}
	EndGlobalSection
EndGlobal
